
Microsoft Visual Studio Solution File, Format Version 12.00
# Visual Studio 15
VisualStudioVersion = 15.0.27703.2035
MinimumVisualStudioVersion = 10.0.40219.1
Project("{FAE04EC0-301F-11D3-BF4B-00C04F79EFBC}") = "ProxyOption1", "ProxyOption1\ProxyOption1.csproj", "{34B854B5-1352-4ACD-ADAF-BE66B37DC190}"
EndProject
Project("{FAE04EC0-301F-11D3-BF4B-00C04F79EFBC}") = "ProxyOption2", "ProxyOption2\ProxyOption2.csproj", "{8AB8AE32-76EF-42A8-B434-56F48AC1F168}"
EndProject
Project("{FAE04EC0-301F-11D3-BF4B-00C04F79EFBC}") = "ProxyOption3", "ProxyOption3\ProxyOption3.csproj", "{71882791-B785-4DB8-9154-8D2FD13AE7A0}"
EndProject
Global
	GlobalSection(SolutionConfigurationPlatforms) = preSolution
		Debug|Any CPU = Debug|Any CPU
		Release|Any CPU = Release|Any CPU
	EndGlobalSection
	GlobalSection(ProjectConfigurationPlatforms) = postSolution
		{34B854B5-1352-4ACD-ADAF-BE66B37DC190}.Debug|Any CPU.ActiveCfg = Debug|Any CPU
		{34B854B5-1352-4ACD-ADAF-BE66B37DC190}.Debug|Any CPU.Build.0 = Debug|Any CPU
		{34B854B5-1352-4ACD-ADAF-BE66B37DC190}.Release|Any CPU.ActiveCfg = Release|Any CPU
		{34B854B5-1352-4ACD-ADAF-BE66B37DC190}.Release|Any CPU.Build.0 = Release|Any CPU
		{8AB8AE32-76EF-42A8-B434-56F48AC1F168}.Debug|Any CPU.ActiveCfg = Debug|Any CPU
		{8AB8AE32-76EF-42A8-B434-56F48AC1F168}.Debug|Any CPU.Build.0 = Debug|Any CPU
		{8AB8AE32-76EF-42A8-B434-56F48AC1F168}.Release|Any CPU.ActiveCfg = Release|Any CPU
		{8AB8AE32-76EF-42A8-B434-56F48AC1F168}.Release|Any CPU.Build.0 = Release|Any CPU
		{71882791-B785-4DB8-9154-8D2FD13AE7A0}.Debug|Any CPU.ActiveCfg = Debug|Any CPU
		{71882791-B785-4DB8-9154-8D2FD13AE7A0}.Debug|Any CPU.Build.0 = Debug|Any CPU
		{71882791-B785-4DB8-9154-8D2FD13AE7A0}.Release|Any CPU.ActiveCfg = Release|Any CPU
		{71882791-B785-4DB8-9154-8D2FD13AE7A0}.Release|Any CPU.Build.0 = Release|Any CPU
	EndGlobalSection
	GlobalSection(SolutionProperties) = preSolution
		HideSolutionNode = FALSE
	EndGlobalSection
	GlobalSection(ExtensibilityGlobals) = postSolution
		SolutionGuid = {92881FC9-3BFB-47CF-8E03-9E02B631D325}
	EndGlobalSection
EndGlobal
